
Microsoft Visual Studio Solution File, Format Version 12.00
# Visual Studio Version 17
VisualStudioVersion = 17.0.32112.339
MinimumVisualStudioVersion = 10.0.40219.1
Project("{9A19103F-16F7-4668-BE54-9A1E7A4F7556}") = "BulkyBookWeb", "BulkyBookWeb\BulkyBookWeb.csproj", "{FA36F4BC-5B57-4E1B-9547-591603C600A4}"
EndProject
Project("{FAE04EC0-301F-11D3-BF4B-00C04F79EFBC}") = "BulkyBook.DataAccess", "BulkyBook.DataAccess\BulkyBook.DataAccess.csproj", "{124F6302-5859-411C-83BE-761A7C3F3799}"
EndProject
Project("{FAE04EC0-301F-11D3-BF4B-00C04F79EFBC}") = "BulkyBook.Models", "BulkyBook.Models\BulkyBook.Models.csproj", "{63562062-6EEB-4985-BE33-E3496004998E}"
EndProject
Project("{FAE04EC0-301F-11D3-BF4B-00C04F79EFBC}") = "BulkyBook.Utility", "BulkyBook.Utility\BulkyBook.Utility.csproj", "{ABCBA35B-F3F2-481E-B263-A78FAF7E83B8}"
EndProject
Global
	GlobalSection(SolutionConfigurationPlatforms) = preSolution
		Debug|Any CPU = Debug|Any CPU
		Release|Any CPU = Release|Any CPU
	EndGlobalSection
	GlobalSection(ProjectConfigurationPlatforms) = postSolution
		{FA36F4BC-5B57-4E1B-9547-591603C600A4}.Debug|Any CPU.ActiveCfg = Debug|Any CPU
		{FA36F4BC-5B57-4E1B-9547-591603C600A4}.Debug|Any CPU.Build.0 = Debug|Any CPU
		{FA36F4BC-5B57-4E1B-9547-591603C600A4}.Release|Any CPU.ActiveCfg = Release|Any CPU
		{FA36F4BC-5B57-4E1B-9547-591603C600A4}.Release|Any CPU.Build.0 = Release|Any CPU
		{124F6302-5859-411C-83BE-761A7C3F3799}.Debug|Any CPU.ActiveCfg = Debug|Any CPU
		{124F6302-5859-411C-83BE-761A7C3F3799}.Debug|Any CPU.Build.0 = Debug|Any CPU
		{124F6302-5859-411C-83BE-761A7C3F3799}.Release|Any CPU.ActiveCfg = Release|Any CPU
		{124F6302-5859-411C-83BE-761A7C3F3799}.Release|Any CPU.Build.0 = Release|Any CPU
		{63562062-6EEB-4985-BE33-E3496004998E}.Debug|Any CPU.ActiveCfg = Debug|Any CPU
		{63562062-6EEB-4985-BE33-E3496004998E}.Debug|Any CPU.Build.0 = Debug|Any CPU
		{63562062-6EEB-4985-BE33-E3496004998E}.Release|Any CPU.ActiveCfg = Release|Any CPU
		{63562062-6EEB-4985-BE33-E3496004998E}.Release|Any CPU.Build.0 = Release|Any CPU
		{ABCBA35B-F3F2-481E-B263-A78FAF7E83B8}.Debug|Any CPU.ActiveCfg = Debug|Any CPU
		{ABCBA35B-F3F2-481E-B263-A78FAF7E83B8}.Debug|Any CPU.Build.0 = Debug|Any CPU
		{ABCBA35B-F3F2-481E-B263-A78FAF7E83B8}.Release|Any CPU.ActiveCfg = Release|Any CPU
		{ABCBA35B-F3F2-481E-B263-A78FAF7E83B8}.Release|Any CPU.Build.0 = Release|Any CPU
	EndGlobalSection
	GlobalSection(SolutionProperties) = preSolution
		HideSolutionNode = FALSE
	EndGlobalSection
	GlobalSection(ExtensibilityGlobals) = postSolution
		SolutionGuid = {F15C5706-B060-4673-B045-DBF613162F25}
	EndGlobalSection
EndGlobal
